{
  "name": "manthan-consumer-test",
  "version": "1.0.0",
  "lockfileVersion": 3,
  "requires": true,
  "packages": {
    "": {
      "name": "manthan-consumer-test",
      "version": "1.0.0",
      "license": "ISC",
      "dependencies": {
        "@manthan/bundle": "file:../packages/bundle/manthan-bundle-1.0.0.tgz",
        "@manthan/core": "file:../packages/core/manthan-core-1.0.0.tgz",
        "@manthan/crypto": "file:../packages/crypto/manthan-crypto-1.0.0.tgz",
        "@manthan/execution": "file:../packages/execution/manthan-execution-1.0.0.tgz",
        "@manthan/governance": "file:../packages/governance/manthan-governance-1.0.0.tgz",
        "@manthan/verifier": "file:../packages/verifier/manthan-verifier-1.0.0.tgz"
      }
    },
    "node_modules/@manthan/bundle": {
      "version": "1.0.0",
      "resolved": "file:../packages/bundle/manthan-bundle-1.0.0.tgz",
      "integrity": "sha512-87EiM44IetCqJDpRT5oM2mzGrYIFVu7wOzZEiozQVYZBUlRvegl3U7Rhvd6Lbvr+rX2xzf5gz7ba3CgcIsAN+w==",
      "license": "Apache-2.0"
    },
    "node_modules/@manthan/core": {
      "version": "1.0.0",
      "resolved": "file:../packages/core/manthan-core-1.0.0.tgz",
      "integrity": "sha512-ykqBrC6/nA5g57Rfd46aTAaH72zNrl7YclIZE8R9VsXgoDZpTNtOcBdKoDyyfjYZbNBa3pV34oBXFj0EargoOQ==",
      "license": "Apache-2.0",
      "dependencies": {
        "@manthan/bundle": "1.0.0",
        "@manthan/crypto": "1.0.0",
        "@manthan/execution": "1.0.0",
        "@manthan/governance": "1.0.0",
        "@manthan/verifier": "1.0.0"
      }
    },
    "node_modules/@manthan/crypto": {
      "version": "1.0.0",
      "resolved": "file:../packages/crypto/manthan-crypto-1.0.0.tgz",
      "integrity": "sha512-4YEcRzTA01+LCEamZSqfG/RVKIuzsk2rCjCFWCrpfQcAqx87wWxEZpnaILdoCzEEtREMtRSKadSrWToMYzNoFg==",
      "license": "Apache-2.0",
      "dependencies": {
        "@manthan/bundle": "1.0.0"
      }
    },
    "node_modules/@manthan/execution": {
      "version": "1.0.0",
      "resolved": "file:../packages/execution/manthan-execution-1.0.0.tgz",
      "integrity": "sha512-omL+eMKthoAQGkIJfKw67xOaVXVnDfoiPIqHuGwnOAsC2u0FflQ1HAC8TqmOsgyjKoBVWAlVq41FUBBsBDsHnw==",
      "license": "Apache-2.0",
      "dependencies": {
        "@manthan/bundle": "1.0.0",
        "@manthan/governance": "1.0.0"
      }
    },
    "node_modules/@manthan/governance": {
      "version": "1.0.0",
      "resolved": "file:../packages/governance/manthan-governance-1.0.0.tgz",
      "integrity": "sha512-waeCOUQaXDe7mkUY+3eYvDFebTblg2Mdbpqihe59JOg3od0zpeBnjt8WC8xAkd7HPhWcDCnablegVUV6EqarmA==",
      "license": "Apache-2.0",
      "dependencies": {
        "@manthan/bundle": "1.0.0",
        "@manthan/crypto": "1.0.0"
      }
    },
    "node_modules/@manthan/verifier": {
      "version": "1.0.0",
      "resolved": "file:../packages/verifier/manthan-verifier-1.0.0.tgz",
      "integrity": "sha512-87u72tBK66tA9+XXB4e8+znQxwydr6CsAeSWMfXylGY5bF/09yJBpjTdVSUE6AG2/I4JuAPxpwTnRO8rE8vdrg==",
      "license": "Apache-2.0",
      "dependencies": {
        "@manthan/crypto": "1.0.0",
        "@manthan/execution": "1.0.0",
        "@manthan/governance": "1.0.0"
      }
    }
  }
}
